Microsoft Visual Studio Solution File, Format Version 12.00
# Visual Studio Version 17
VisualStudioVersion = 17.5.2.0
MinimumVisualStudioVersion = 10.0.40219.1
Project("{FAE04EC0-301F-11D3-BF4B-00C04F79EFBC}") = "fitness-app-server", "fitness-app-server.csproj", "{2915EF43-85E9-83E2-CCC1-A43AA1E31714}"
EndProject
Global
	GlobalSection(SolutionConfigurationPlatforms) = preSolution
		Debug|Any CPU = Debug|Any CPU
		Release|Any CPU = Release|Any CPU
	EndGlobalSection
	GlobalSection(ProjectConfigurationPlatforms) = postSolution
		{2915EF43-85E9-83E2-CCC1-A43AA1E31714}.Debug|Any CPU.ActiveCfg = Debug|Any CPU
		{2915EF43-85E9-83E2-CCC1-A43AA1E31714}.Debug|Any CPU.Build.0 = Debug|Any CPU
		{2915EF43-85E9-83E2-CCC1-A43AA1E31714}.Release|Any CPU.ActiveCfg = Release|Any CPU
		{2915EF43-85E9-83E2-CCC1-A43AA1E31714}.Release|Any CPU.Build.0 = Release|Any CPU
	EndGlobalSection
	GlobalSection(SolutionProperties) = preSolution
		HideSolutionNode = FALSE
	EndGlobalSection
	GlobalSection(ExtensibilityGlobals) = postSolution
		SolutionGuid = {47B6A681-3FED-4199-93CA-A6B9A594E681}
	EndGlobalSection
EndGlobal
